
Microsoft Visual Studio Solution File, Format Version 10.00
# Visual Studio 2008
Project("{8BC9CEB8-8B4A-11D0-8D11-00A0C91BC942}") = "Example3", "Example3\Example3.vcproj", "{492D2C4C-BB13-47AD-90CE-9C062EB21ACF}"
EndProject
Global
	GlobalSection(SolutionConfigurationPlatforms) = preSolution
		Debug|Win32 = Debug|Win32
		Release|Win32 = Release|Win32
	EndGlobalSection
	GlobalSection(ProjectConfigurationPlatforms) = postSolution
		{492D2C4C-BB13-47AD-90CE-9C062EB21ACF}.Debug|Win32.ActiveCfg = Debug|Win32
		{492D2C4C-BB13-47AD-90CE-9C062EB21ACF}.Debug|Win32.Build.0 = Debug|Win32
		{492D2C4C-BB13-47AD-90CE-9C062EB21ACF}.Release|Win32.ActiveCfg = Release|Win32
		{492D2C4C-BB13-47AD-90CE-9C062EB21ACF}.Release|Win32.Build.0 = Release|Win32
	EndGlobalSection
	GlobalSection(SolutionProperties) = preSolution
		HideSolutionNode = FALSE
	EndGlobalSection
EndGlobal
