
Microsoft Visual Studio Solution File, Format Version 10.00
# Visual Studio 2008
Project("{8BC9CEB8-8B4A-11D0-8D11-00A0C91BC942}") = "Example1", "Example1\Example1.vcproj", "{911791AC-61C9-41D2-8E8A-92F8D0437985}"
EndProject
Global
	GlobalSection(SolutionConfigurationPlatforms) = preSolution
		Debug|Win32 = Debug|Win32
		Release|Win32 = Release|Win32
	EndGlobalSection
	GlobalSection(ProjectConfigurationPlatforms) = postSolution
		{911791AC-61C9-41D2-8E8A-92F8D0437985}.Debug|Win32.ActiveCfg = Debug|Win32
		{911791AC-61C9-41D2-8E8A-92F8D0437985}.Debug|Win32.Build.0 = Debug|Win32
		{911791AC-61C9-41D2-8E8A-92F8D0437985}.Release|Win32.ActiveCfg = Release|Win32
		{911791AC-61C9-41D2-8E8A-92F8D0437985}.Release|Win32.Build.0 = Release|Win32
	EndGlobalSection
	GlobalSection(SolutionProperties) = preSolution
		HideSolutionNode = FALSE
	EndGlobalSection
EndGlobal
